schema: '2.0'
stages:
  train:
    cmd: jupyter nbconvert --to python --inplace --execute notebooks/0\ Playground.ipynb
    deps:
    - path: data/julia2018
      md5: 2e1d603f2f4b826c887a90116544545e.dir
      size: 30360752
      nfiles: 6
    - path: notebooks/0 Playground.ipynb
      md5: 961c967b9e6391ff10268e731352a4d3
      size: 152138
